github.com/AaronGonsior/optionsscheine2 v0.0.0-20221231130352-32a3cc92ea77 h1:uCkxouyBNZI1ANTxTMzKDkR6xc/DcHl3L4Hubqnj/Ms=
github.com/AaronGonsior/optionsscheine2 v0.0.0-20221231130352-32a3cc92ea77/go.mod h1:nTKyXT7zmKiuubaDokEG4S0jFDq6gcU0uMyYgEblcZA=
github.com/cnkei/gospline v0.0.0-20191204052713-d67fac29a294 h1:zIFcK9T9qytnmXuKt5Z7jG66C8c8FJjy8rtxOmVVm0o=
github.com/cnkei/gospline v0.0.0-20191204052713-d67fac29a294/go.mod h1:DXXGDL64/wxXgBSgmGMEL0vYC0tdvpgNhkJrvavhqDM=
